// !$*UTF8*$!
{
	archiveVersion = 1;
	classes = {
	};
	objectVersion = 46;
	objects = {

/* Begin PBXBuildFile section */
		63A7136321BC3951000A9097 /* App+NSApplicationDelegate.swift in Sources */ = {isa = PBXBuildFile; fileRef = 63A7135421BC3951000A9097 /* App+NSApplicationDelegate.swift */; };
		63A7136421BC3951000A9097 /* SignInViewController.swift in Sources */ = {isa = PBXBuildFile; fileRef = 63A7135521BC3951000A9097 /* SignInViewController.swift */; };
		63A7136521BC3951000A9097 /* App.swift in Sources */ = {isa = PBXBuildFile; fileRef = 63A7135621BC3951000A9097 /* App.swift */; };
		63A7136621BC3951000A9097 /* AppKit.xcassets in Resources */ = {isa = PBXBuildFile; fileRef = 63A7135721BC3951000A9097 /* AppKit.xcassets */; };
		63A7136721BC3951000A9097 /* SubscribeViewController.swift in Sources */ = {isa = PBXBuildFile; fileRef = 63A7135821BC3951000A9097 /* SubscribeViewController.swift */; };
		63A7136821BC3951000A9097 /* App+UserNotifications.swift in Sources */ = {isa = PBXBuildFile; fileRef = 63A7135921BC3951000A9097 /* App+UserNotifications.swift */; };
		63A7136921BC3951000A9097 /* ReposViewController.swift in Sources */ = {isa = PBXBuildFile; fileRef = 63A7135A21BC3951000A9097 /* ReposViewController.swift */; };
		63A7136A21BC3951000A9097 /* Main.storyboard in Resources */ = {isa = PBXBuildFile; fileRef = 63A7135B21BC3951000A9097 /* Main.storyboard */; };
		63A7136B21BC3951000A9097 /* ReposViewController+OutlineView.swift in Sources */ = {isa = PBXBuildFile; fileRef = 63A7135C21BC3951000A9097 /* ReposViewController+OutlineView.swift */; };
		63A7136D21BC3951000A9097 /* ConfigureEnrollmentViewController.swift in Sources */ = {isa = PBXBuildFile; fileRef = 63A7135E21BC3951000A9097 /* ConfigureEnrollmentViewController.swift */; };
		63A7136F21BC3951000A9097 /* etc.swift in Sources */ = {isa = PBXBuildFile; fileRef = 63A7136121BC3951000A9097 /* etc.swift */; };
		63A7137021BC3951000A9097 /* ReposViewController+Types.swift in Sources */ = {isa = PBXBuildFile; fileRef = 63A7136221BC3951000A9097 /* ReposViewController+Types.swift */; };
		63A7139821BC39E7000A9097 /* SubscribeViewController.swift in Sources */ = {isa = PBXBuildFile; fileRef = 63A7138B21BC39E7000A9097 /* SubscribeViewController.swift */; };
		63A7139921BC39E7000A9097 /* ReposViewController.swift in Sources */ = {isa = PBXBuildFile; fileRef = 63A7138C21BC39E7000A9097 /* ReposViewController.swift */; };
		63A7139A21BC39E7000A9097 /* RepoViewController.swift in Sources */ = {isa = PBXBuildFile; fileRef = 63A7138D21BC39E7000A9097 /* RepoViewController.swift */; };
		63A7139B21BC39E7000A9097 /* UIKit.xcassets in Resources */ = {isa = PBXBuildFile; fileRef = 63A7138E21BC39E7000A9097 /* UIKit.xcassets */; };
		63A7139E21BC39E7000A9097 /* SubscribeViewController.storyboard in Resources */ = {isa = PBXBuildFile; fileRef = 63A7139321BC39E7000A9097 /* SubscribeViewController.storyboard */; };
		63A7139F21BC39E7000A9097 /* etc.swift in Sources */ = {isa = PBXBuildFile; fileRef = 63A7139421BC39E7000A9097 /* etc.swift */; };
		63A713A021BC39E7000A9097 /* AppDelegate.swift in Sources */ = {isa = PBXBuildFile; fileRef = 63A7139521BC39E7000A9097 /* AppDelegate.swift */; };
		63A713A121BC39E7000A9097 /* AccountViewController.swift in Sources */ = {isa = PBXBuildFile; fileRef = 63A7139621BC39E7000A9097 /* AccountViewController.swift */; };
		63A713A221BC39E7000A9097 /* SignInViewController.swift in Sources */ = {isa = PBXBuildFile; fileRef = 63A7139721BC39E7000A9097 /* SignInViewController.swift */; };
		63A7143921BC45C8000A9097 /* Cake.a in Frameworks */ = {isa = PBXBuildFile; fileRef = OBJ_16 /* Cake.a */; };
		63A7147921BC507F000A9097 /* MFMailComposeViewController+Promise.swift in Sources */ = {isa = PBXBuildFile; fileRef = 63A7147821BC507F000A9097 /* MFMailComposeViewController+Promise.swift */; };
		63A715E021BC549A000A9097 /* LaunchScreen.storyboard in Resources */ = {isa = PBXBuildFile; fileRef = 63A715DF21BC5499000A9097 /* LaunchScreen.storyboard */; };
		OBJ_29 /* Cake.a in Frameworks */ = {isa = PBXBuildFile; fileRef = OBJ_16 /* Cake.a */; };
/* End PBXBuildFile section */

/* Begin PBXContainerItemProxy section */
		6357C24A221F0B8F00F058BC /* PBXContainerItemProxy */ = {
			isa = PBXContainerItemProxy;
			containerPortal = OBJ_13 /* Cake */;
			proxyType = 2;
			remoteGlobalIDString = B3CDEF324226D91C75D2BCBA3E3D7952;
			remoteInfo = "Cakefile·Completion";
		};
		6357C24C221F0B8F00F058BC /* PBXContainerItemProxy */ = {
			isa = PBXContainerItemProxy;
			containerPortal = OBJ_13 /* Cake */;
			proxyType = 2;
			remoteGlobalIDString = 5F0096C0463FB39B08824DB00B13133F;
			remoteInfo = "Deps·SortedArray";
		};
		6357C24E221F0B8F00F058BC /* PBXContainerItemProxy */ = {
			isa = PBXContainerItemProxy;
			containerPortal = OBJ_13 /* Cake */;
			proxyType = 2;
			remoteGlobalIDString = 8312A6DB30137F7AB46141BA7FD9C839;
			remoteInfo = "Deps·PMKStoreKit";
		};
		6357C250221F0B8F00F058BC /* PBXContainerItemProxy */ = {
			isa = PBXContainerItemProxy;
			containerPortal = OBJ_13 /* Cake */;
			proxyType = 2;
			remoteGlobalIDString = 69787F8145CACFA492EC131CC2A0AA1D;
			remoteInfo = "Deps·PMKFoundation";
		};
		6357C252221F0B8F00F058BC /* PBXContainerItemProxy */ = {
			isa = PBXContainerItemProxy;
			containerPortal = OBJ_13 /* Cake */;
			proxyType = 2;
			remoteGlobalIDString = 53E3B23BDD8E313D1CCE46BCBA847860;
			remoteInfo = "Deps·PromiseKit";
		};
		6357C254221F0B8F00F058BC /* PBXContainerItemProxy */ = {
			isa = PBXContainerItemProxy;
			containerPortal = OBJ_13 /* Cake */;
			proxyType = 2;
			remoteGlobalIDString = 925FFB03FA9F121D0D038FC3C7DEE41D;
			remoteInfo = "Deps·KeychainAccess";
		};
		6357C256221F0B8F00F058BC /* PBXContainerItemProxy */ = {
			isa = PBXContainerItemProxy;
			containerPortal = OBJ_13 /* Cake */;
			proxyType = 2;
			remoteGlobalIDString = 785358D6AD2F0D126E57FB5826F9A65F;
			remoteInfo = "Batter·Client";
		};
		6357C258221F0B8F00F058BC /* PBXContainerItemProxy */ = {
			isa = PBXContainerItemProxy;
			containerPortal = OBJ_13 /* Cake */;
			proxyType = 2;
			remoteGlobalIDString = 91406D920A09B9991EA45CE114C43130;
			remoteInfo = "Batter·xp";
		};
		6357C25A221F0B8F00F058BC /* PBXContainerItemProxy */ = {
			isa = PBXContainerItemProxy;
			containerPortal = OBJ_13 /* Cake */;
			proxyType = 2;
			remoteGlobalIDString = CF13AE3B62C40836A5FEE4744FE1CD73;
			remoteInfo = "Batter·Vendor";
		};
		6357C25C221F0B9300F058BC /* PBXContainerItemProxy */ = {
			isa = PBXContainerItemProxy;
			containerPortal = OBJ_13 /* Cake */;
			proxyType = 1;
			remoteGlobalIDString = 8B942976617019A6C464818315598CC1;
			remoteInfo = Cake;
		};
		6357C25E221F0B9B00F058BC /* PBXContainerItemProxy */ = {
			isa = PBXContainerItemProxy;
			containerPortal = OBJ_13 /* Cake */;
			proxyType = 1;
			remoteGlobalIDString = 8B942976617019A6C464818315598CC1;
			remoteInfo = Cake;
		};
		6357C279221F268800F058BC /* PBXContainerItemProxy */ = {
			isa = PBXContainerItemProxy;
			containerPortal = OBJ_13 /* Cake */;
			proxyType = 2;
			remoteGlobalIDString = 1DBCAEFF3AB28195D7B5E09B52FDBDA9;
			remoteInfo = "Deps·LegibleError";
		};
		63A712F821BC35FC000A9097 /* PBXContainerItemProxy */ = {
			isa = PBXContainerItemProxy;
			containerPortal = OBJ_13 /* Cake */;
			proxyType = 2;
			remoteGlobalIDString = "Batter::Product";
			remoteInfo = Batter;
		};
		63A713BD21BC3FD4000A9097 /* PBXContainerItemProxy */ = {
			isa = PBXContainerItemProxy;
			containerPortal = OBJ_13 /* Cake */;
			proxyType = 2;
			remoteGlobalIDString = "Dependencies::Product";
			remoteInfo = Dependencies;
		};
		OBJ_17 /* PBXContainerItemProxy */ = {
			isa = PBXContainerItemProxy;
			containerPortal = OBJ_13 /* Cake */;
			proxyType = 2;
			remoteGlobalIDString = "Cake::Product";
			remoteInfo = Cake;
		};
/* End PBXContainerItemProxy section */

/* Begin PBXFileReference section */
		6351783D2220490200C5AA5D /* Cake.xcconfig */ = {isa = PBXFileReference; fileEncoding = 4; lastKnownFileType = text.xcconfig; name = Cake.xcconfig; path = .cake/Cake.xcconfig; sourceTree = "<group>"; };
		63A7135421BC3951000A9097 /* App+NSApplicationDelegate.swift */ = {isa = PBXFileReference; fileEncoding = 4; lastKnownFileType = sourcecode.swift; path = "App+NSApplicationDelegate.swift"; sourceTree = "<group>"; };
		63A7135521BC3951000A9097 /* SignInViewController.swift */ = {isa = PBXFileReference; fileEncoding = 4; lastKnownFileType = sourcecode.swift; path = SignInViewController.swift; sourceTree = "<group>"; };
		63A7135621BC3951000A9097 /* App.swift */ = {isa = PBXFileReference; fileEncoding = 4; lastKnownFileType = sourcecode.swift; path = App.swift; sourceTree = "<group>"; };
		63A7135721BC3951000A9097 /* AppKit.xcassets */ = {isa = PBXFileReference; lastKnownFileType = folder.assetcatalog; path = AppKit.xcassets; sourceTree = "<group>"; };
		63A7135821BC3951000A9097 /* SubscribeViewController.swift */ = {isa = PBXFileReference; fileEncoding = 4; lastKnownFileType = sourcecode.swift; path = SubscribeViewController.swift; sourceTree = "<group>"; };
		63A7135921BC3951000A9097 /* App+UserNotifications.swift */ = {isa = PBXFileReference; fileEncoding = 4; lastKnownFileType = sourcecode.swift; path = "App+UserNotifications.swift"; sourceTree = "<group>"; };
		63A7135A21BC3951000A9097 /* ReposViewController.swift */ = {isa = PBXFileReference; fileEncoding = 4; lastKnownFileType = sourcecode.swift; path = ReposViewController.swift; sourceTree = "<group>"; };
		63A7135B21BC3951000A9097 /* Main.storyboard */ = {isa = PBXFileReference; fileEncoding = 4; lastKnownFileType = file.storyboard; path = Main.storyboard; sourceTree = "<group>"; };
		63A7135C21BC3951000A9097 /* ReposViewController+OutlineView.swift */ = {isa = PBXFileReference; fileEncoding = 4; lastKnownFileType = sourcecode.swift; path = "ReposViewController+OutlineView.swift"; sourceTree = "<group>"; };
		63A7135D21BC3951000A9097 /* App-macOS-Info.plist */ = {isa = PBXFileReference; fileEncoding = 4; lastKnownFileType = text.plist.xml; path = "App-macOS-Info.plist"; sourceTree = "<group>"; };
		63A7135E21BC3951000A9097 /* ConfigureEnrollmentViewController.swift */ = {isa = PBXFileReference; fileEncoding = 4; lastKnownFileType = sourcecode.swift; path = ConfigureEnrollmentViewController.swift; sourceTree = "<group>"; };
		63A7135F21BC3951000A9097 /* AppKit.entitlements */ = {isa = PBXFileReference; fileEncoding = 4; lastKnownFileType = text.plist.entitlements; path = AppKit.entitlements; sourceTree = "<group>"; };
		63A7136121BC3951000A9097 /* etc.swift */ = {isa = PBXFileReference; fileEncoding = 4; lastKnownFileType = sourcecode.swift; path = etc.swift; sourceTree = "<group>"; };
		63A7136221BC3951000A9097 /* ReposViewController+Types.swift */ = {isa = PBXFileReference; fileEncoding = 4; lastKnownFileType = sourcecode.swift; path = "ReposViewController+Types.swift"; sourceTree = "<group>"; };
		63A7137621BC39B8000A9097 /* Canopy.app */ = {isa = PBXFileReference; explicitFileType = wrapper.application; includeInIndex = 0; path = Canopy.app; sourceTree = BUILT_PRODUCTS_DIR; };
		63A7138B21BC39E7000A9097 /* SubscribeViewController.swift */ = {isa = PBXFileReference; fileEncoding = 4; lastKnownFileType = sourcecode.swift; path = SubscribeViewController.swift; sourceTree = "<group>"; };
		63A7138C21BC39E7000A9097 /* ReposViewController.swift */ = {isa = PBXFileReference; fileEncoding = 4; lastKnownFileType = sourcecode.swift; path = ReposViewController.swift; sourceTree = "<group>"; };
		63A7138D21BC39E7000A9097 /* RepoViewController.swift */ = {isa = PBXFileReference; fileEncoding = 4; lastKnownFileType = sourcecode.swift; path = RepoViewController.swift; sourceTree = "<group>"; };
		63A7138E21BC39E7000A9097 /* UIKit.xcassets */ = {isa = PBXFileReference; lastKnownFileType = folder.assetcatalog; path = UIKit.xcassets; sourceTree = "<group>"; };
		63A7139121BC39E7000A9097 /* App-iOS-Info.plist */ = {isa = PBXFileReference; fileEncoding = 4; lastKnownFileType = text.plist.xml; path = "App-iOS-Info.plist"; sourceTree = "<group>"; };
		63A7139221BC39E7000A9097 /* UIKit.entitlements */ = {isa = PBXFileReference; fileEncoding = 4; lastKnownFileType = text.plist.entitlements; path = UIKit.entitlements; sourceTree = "<group>"; };
		63A7139321BC39E7000A9097 /* SubscribeViewController.storyboard */ = {isa = PBXFileReference; fileEncoding = 4; lastKnownFileType = file.storyboard; path = SubscribeViewController.storyboard; sourceTree = "<group>"; };
		63A7139421BC39E7000A9097 /* etc.swift */ = {isa = PBXFileReference; fileEncoding = 4; lastKnownFileType = sourcecode.swift; path = etc.swift; sourceTree = "<group>"; };
		63A7139521BC39E7000A9097 /* AppDelegate.swift */ = {isa = PBXFileReference; fileEncoding = 4; lastKnownFileType = sourcecode.swift; path = AppDelegate.swift; sourceTree = "<group>"; };
		63A7139621BC39E7000A9097 /* AccountViewController.swift */ = {isa = PBXFileReference; fileEncoding = 4; lastKnownFileType = sourcecode.swift; path = AccountViewController.swift; sourceTree = "<group>"; };
		63A7139721BC39E7000A9097 /* SignInViewController.swift */ = {isa = PBXFileReference; fileEncoding = 4; lastKnownFileType = sourcecode.swift; path = SignInViewController.swift; sourceTree = "<group>"; };
		63A7147821BC507F000A9097 /* MFMailComposeViewController+Promise.swift */ = {isa = PBXFileReference; fileEncoding = 4; lastKnownFileType = sourcecode.swift; path = "MFMailComposeViewController+Promise.swift"; sourceTree = "<group>"; };
		63A715DF21BC5499000A9097 /* LaunchScreen.storyboard */ = {isa = PBXFileReference; fileEncoding = 4; lastKnownFileType = file.storyboard; path = LaunchScreen.storyboard; sourceTree = "<group>"; };
		OBJ_13 /* Cake */ = {isa = PBXFileReference; explicitFileType = "wrapper.pb-project"; name = Cake; path = .cake/Cake.xcodeproj; sourceTree = SOURCE_ROOT; };
		OBJ_6 /* Model */ = {isa = PBXFileReference; lastKnownFileType = folder; name = Model; path = Sources/Model; sourceTree = SOURCE_ROOT; };
		"Product::Carrot Cake.app" /* Canopy.app */ = {isa = PBXFileReference; explicitFileType = wrapper.application; path = Canopy.app; sourceTree = BUILT_PRODUCTS_DIR; };
/* End PBXFileReference section */

/* Begin PBXFrameworksBuildPhase section */
		63A7137321BC39B8000A9097 /* Frameworks */ = {
			isa = PBXFrameworksBuildPhase;
			buildActionMask = 2147483647;
			files = (
				63A7143921BC45C8000A9097 /* Cake.a in Frameworks */,
			);
			runOnlyForDeploymentPostprocessing = 0;
		};
		OBJ_28 /* Frameworks */ = {
			isa = PBXFrameworksBuildPhase;
			buildActionMask = 0;
			files = (
				OBJ_29 /* Cake.a in Frameworks */,
			);
			runOnlyForDeploymentPostprocessing = 0;
		};
/* End PBXFrameworksBuildPhase section */

/* Begin PBXGroup section */
		63A7135321BC3915000A9097 /* Apps */ = {
			isa = PBXGroup;
			children = (
				OBJ_8 /* AppKit */,
				63A7138A21BC39E7000A9097 /* UIKit */,
				6351783D2220490200C5AA5D /* Cake.xcconfig */,
			);
			name = Apps;
			sourceTree = "<group>";
		};
		63A7137121BC3955000A9097 /* Detritus */ = {
			isa = PBXGroup;
			children = (
				63A7135B21BC3951000A9097 /* Main.storyboard */,
				63A7135721BC3951000A9097 /* AppKit.xcassets */,
				63A7135F21BC3951000A9097 /* AppKit.entitlements */,
				63A7135D21BC3951000A9097 /* App-macOS-Info.plist */,
			);
			name = Detritus;
			sourceTree = "<group>";
		};
		63A7138A21BC39E7000A9097 /* UIKit */ = {
			isa = PBXGroup;
			children = (
				63A7139521BC39E7000A9097 /* AppDelegate.swift */,
				63A7138C21BC39E7000A9097 /* ReposViewController.swift */,
				63A7138D21BC39E7000A9097 /* RepoViewController.swift */,
				63A7138B21BC39E7000A9097 /* SubscribeViewController.swift */,
				63A7139621BC39E7000A9097 /* AccountViewController.swift */,
				63A7139721BC39E7000A9097 /* SignInViewController.swift */,
				63A7139421BC39E7000A9097 /* etc.swift */,
				63A7147A21BC5083000A9097 /* Vendor */,
				63A713A321BC39F3000A9097 /* Detritus */,
			);
			name = UIKit;
			path = Sources/UIKit;
			sourceTree = "<group>";
		};
		63A713A321BC39F3000A9097 /* Detritus */ = {
			isa = PBXGroup;
			children = (
				63A715DF21BC5499000A9097 /* LaunchScreen.storyboard */,
				63A7139321BC39E7000A9097 /* SubscribeViewController.storyboard */,
				63A7138E21BC39E7000A9097 /* UIKit.xcassets */,
				63A7139221BC39E7000A9097 /* UIKit.entitlements */,
				63A7139121BC39E7000A9097 /* App-iOS-Info.plist */,
			);
			name = Detritus;
			sourceTree = "<group>";
		};
		63A7147A21BC5083000A9097 /* Vendor */ = {
			isa = PBXGroup;
			children = (
				63A7147821BC507F000A9097 /* MFMailComposeViewController+Promise.swift */,
			);
			name = Vendor;
			sourceTree = "<group>";
		};
		OBJ_15 /* Products */ = {
			isa = PBXGroup;
			children = (
				6357C24B221F0B8F00F058BC /* Cakefile·Completion */,
				6357C24D221F0B8F00F058BC /* SortedArray.a */,
				6357C24F221F0B8F00F058BC /* PMKStoreKit.a */,
				6357C251221F0B8F00F058BC /* PMKFoundation.a */,
				6357C253221F0B8F00F058BC /* PromiseKit.a */,
				6357C27A221F268800F058BC /* LegibleError.a */,
				6357C255221F0B8F00F058BC /* KeychainAccess.a */,
				63A713BE21BC3FD4000A9097 /* Dependencies.a */,
				6357C257221F0B8F00F058BC /* Client.a */,
				6357C259221F0B8F00F058BC /* xp.a */,
				6357C25B221F0B8F00F058BC /* Vendor.a */,
				63A712F921BC35FC000A9097 /* Batter.a */,
				OBJ_16 /* Cake.a */,
			);
			name = Products;
			sourceTree = "<group>";
		};
		OBJ_18 /* Products */ = {
			isa = PBXGroup;
			children = (
				"Product::Carrot Cake.app" /* Canopy.app */,
				63A7137621BC39B8000A9097 /* Canopy.app */,
			);
			name = Products;
			sourceTree = "<group>";
		};
		OBJ_5 = {
			isa = PBXGroup;
			children = (
				OBJ_6 /* Model */,
				63A7135321BC3915000A9097 /* Apps */,
				OBJ_13 /* Cake */,
				OBJ_18 /* Products */,
			);
			sourceTree = "<group>";
		};
		OBJ_8 /* AppKit */ = {
			isa = PBXGroup;
			children = (
				63A7135621BC3951000A9097 /* App.swift */,
				63A7135421BC3951000A9097 /* App+NSApplicationDelegate.swift */,
				63A7135921BC3951000A9097 /* App+UserNotifications.swift */,
				63A7135E21BC3951000A9097 /* ConfigureEnrollmentViewController.swift */,
				63A7136121BC3951000A9097 /* etc.swift */,
				63A7135A21BC3951000A9097 /* ReposViewController.swift */,
				63A7135C21BC3951000A9097 /* ReposViewController+OutlineView.swift */,
				63A7136221BC3951000A9097 /* ReposViewController+Types.swift */,
				63A7135521BC3951000A9097 /* SignInViewController.swift */,
				63A7135821BC3951000A9097 /* SubscribeViewController.swift */,
				63A7137121BC3955000A9097 /* Detritus */,
			);
			name = AppKit;
			path = Sources/AppKit;
			sourceTree = "<group>";
		};
/* End PBXGroup section */

/* Begin PBXNativeTarget section */
		63A7137521BC39B8000A9097 /* Canopy.UIKit */ = {
			isa = PBXNativeTarget;
			buildConfigurationList = 63A7138521BC39BB000A9097 /* Build configuration list for PBXNativeTarget "Canopy.UIKit" */;
			buildPhases = (
				63A7137221BC39B8000A9097 /* Sources */,
				63A7137321BC39B8000A9097 /* Frameworks */,
				63A7137421BC39B8000A9097 /* Resources */,
			);
			buildRules = (
			);
			dependencies = (
				6357C25D221F0B9300F058BC /* PBXTargetDependency */,
			);
			name = Canopy.UIKit;
			productName = Canopy;
			productReference = 63A7137621BC39B8000A9097 /* Canopy.app */;
			productType = "com.apple.product-type.application";
		};
		"Carrot Cake::Target" /* Canopy.AppKit */ = {
			isa = PBXNativeTarget;
			buildConfigurationList = OBJ_21 /* Build configuration list for PBXNativeTarget "Canopy.AppKit" */;
			buildPhases = (
				OBJ_24 /* Sources */,
				OBJ_26 /* Resources */,
				OBJ_28 /* Frameworks */,
			);
			buildRules = (
			);
			dependencies = (
				6357C25F221F0B9B00F058BC /* PBXTargetDependency */,
			);
			name = Canopy.AppKit;
			productName = "TELL_MXCL_IF_YOU_SEE_THIS_Carrot Cake";
			productReference = "Product::Carrot Cake.app" /* Canopy.app */;
			productType = "com.apple.product-type.application";
		};
/* End PBXNativeTarget section */

/* Begin PBXProject section */
		OBJ_1 /* Project object */ = {
			isa = PBXProject;
			attributes = {
				LastSwiftMigration = 9999;
				LastSwiftUpdateCheck = 1010;
				LastUpgradeCheck = 1020;
				TargetAttributes = {
					63A7137521BC39B8000A9097 = {
						CreatedOnToolsVersion = 10.1;
						DevelopmentTeam = TEQMQBRC7B;
						ProvisioningStyle = Automatic;
					};
					"Carrot Cake::Target" = {
						DevelopmentTeam = TEQMQBRC7B;
						LastSwiftMigration = 1020;
						ProvisioningStyle = Automatic;
					};
				};
			};
			buildConfigurationList = OBJ_2 /* Build configuration list for PBXProject "Canopy" */;
			compatibilityVersion = "Xcode 3.2";
			developmentRegion = English;
			hasScannedForEncodings = 0;
			knownRegions = (
				English,
				en,
				Base,
			);
			mainGroup = OBJ_5;
			productRefGroup = OBJ_18 /* Products */;
			projectDirPath = "";
			projectReferences = (
				{
					ProductGroup = OBJ_15 /* Products */;
					ProjectRef = OBJ_13 /* Cake */;
				},
			);
			projectRoot = "";
			targets = (
				"Carrot Cake::Target" /* Canopy.AppKit */,
				63A7137521BC39B8000A9097 /* Canopy.UIKit */,
			);
		};
/* End PBXProject section */

/* Begin PBXReferenceProxy section */
		6357C24B221F0B8F00F058BC /* Cakefile·Completion */ = {
			isa = PBXReferenceProxy;
			fileType = text;
			name = "Cakefile·Completion";
			path = CakefileScript;
			remoteRef = 6357C24A221F0B8F00F058BC /* PBXContainerItemProxy */;
			sourceTree = BUILT_PRODUCTS_DIR;
		};
		6357C24D221F0B8F00F058BC /* SortedArray.a */ = {
			isa = PBXReferenceProxy;
			fileType = archive.ar;
			name = SortedArray.a;
			path = libSortedArray.a;
			remoteRef = 6357C24C221F0B8F00F058BC /* PBXContainerItemProxy */;
			sourceTree = BUILT_PRODUCTS_DIR;
		};
		6357C24F221F0B8F00F058BC /* PMKStoreKit.a */ = {
			isa = PBXReferenceProxy;
			fileType = archive.ar;
			name = PMKStoreKit.a;
			path = libPMKStoreKit.a;
			remoteRef = 6357C24E221F0B8F00F058BC /* PBXContainerItemProxy */;
			sourceTree = BUILT_PRODUCTS_DIR;
		};
		6357C251221F0B8F00F058BC /* PMKFoundation.a */ = {
			isa = PBXReferenceProxy;
			fileType = archive.ar;
			name = PMKFoundation.a;
			path = libPMKFoundation.a;
			remoteRef = 6357C250221F0B8F00F058BC /* PBXContainerItemProxy */;
			sourceTree = BUILT_PRODUCTS_DIR;
		};
		6357C253221F0B8F00F058BC /* PromiseKit.a */ = {
			isa = PBXReferenceProxy;
			fileType = archive.ar;
			name = PromiseKit.a;
			path = libPromiseKit.a;
			remoteRef = 6357C252221F0B8F00F058BC /* PBXContainerItemProxy */;
			sourceTree = BUILT_PRODUCTS_DIR;
		};
		6357C255221F0B8F00F058BC /* KeychainAccess.a */ = {
			isa = PBXReferenceProxy;
			fileType = archive.ar;
			name = KeychainAccess.a;
			path = libKeychainAccess.a;
			remoteRef = 6357C254221F0B8F00F058BC /* PBXContainerItemProxy */;
			sourceTree = BUILT_PRODUCTS_DIR;
		};
		6357C257221F0B8F00F058BC /* Client.a */ = {
			isa = PBXReferenceProxy;
			fileType = archive.ar;
			name = Client.a;
			path = libClient.a;
			remoteRef = 6357C256221F0B8F00F058BC /* PBXContainerItemProxy */;
			sourceTree = BUILT_PRODUCTS_DIR;
		};
		6357C259221F0B8F00F058BC /* xp.a */ = {
			isa = PBXReferenceProxy;
			fileType = archive.ar;
			name = xp.a;
			path = libxp.a;
			remoteRef = 6357C258221F0B8F00F058BC /* PBXContainerItemProxy */;
			sourceTree = BUILT_PRODUCTS_DIR;
		};
		6357C25B221F0B8F00F058BC /* Vendor.a */ = {
			isa = PBXReferenceProxy;
			fileType = archive.ar;
			name = Vendor.a;
			path = libVendor.a;
			remoteRef = 6357C25A221F0B8F00F058BC /* PBXContainerItemProxy */;
			sourceTree = BUILT_PRODUCTS_DIR;
		};
		6357C27A221F268800F058BC /* LegibleError.a */ = {
			isa = PBXReferenceProxy;
			fileType = archive.ar;
			name = LegibleError.a;
			path = libLegibleError.a;
			remoteRef = 6357C279221F268800F058BC /* PBXContainerItemProxy */;
			sourceTree = BUILT_PRODUCTS_DIR;
		};
		63A712F921BC35FC000A9097 /* Batter.a */ = {
			isa = PBXReferenceProxy;
			fileType = archive.ar;
			name = Batter.a;
			path = libBatter.a;
			remoteRef = 63A712F821BC35FC000A9097 /* PBXContainerItemProxy */;
			sourceTree = BUILT_PRODUCTS_DIR;
		};
		63A713BE21BC3FD4000A9097 /* Dependencies.a */ = {
			isa = PBXReferenceProxy;
			fileType = archive.ar;
			name = Dependencies.a;
			path = libDependencies.a;
			remoteRef = 63A713BD21BC3FD4000A9097 /* PBXContainerItemProxy */;
			sourceTree = BUILT_PRODUCTS_DIR;
		};
		OBJ_16 /* Cake.a */ = {
			isa = PBXReferenceProxy;
			fileType = archive.ar;
			name = Cake.a;
			path = libCake.a;
			remoteRef = OBJ_17 /* PBXContainerItemProxy */;
			sourceTree = BUILT_PRODUCTS_DIR;
		};
/* End PBXReferenceProxy section */

/* Begin PBXResourcesBuildPhase section */
		63A7137421BC39B8000A9097 /* Resources */ = {
			isa = PBXResourcesBuildPhase;
			buildActionMask = 2147483647;
			files = (
				63A715E021BC549A000A9097 /* LaunchScreen.storyboard in Resources */,
				63A7139B21BC39E7000A9097 /* UIKit.xcassets in Resources */,
				63A7139E21BC39E7000A9097 /* SubscribeViewController.storyboard in Resources */,
			);
			runOnlyForDeploymentPostprocessing = 0;
		};
		OBJ_26 /* Resources */ = {
			isa = PBXResourcesBuildPhase;
			buildActionMask = 0;
			files = (
				63A7136A21BC3951000A9097 /* Main.storyboard in Resources */,
				63A7136621BC3951000A9097 /* AppKit.xcassets in Resources */,
			);
			runOnlyForDeploymentPostprocessing = 0;
		};
/* End PBXResourcesBuildPhase section */

/* Begin PBXSourcesBuildPhase section */
		63A7137221BC39B8000A9097 /* Sources */ = {
			isa = PBXSourcesBuildPhase;
			buildActionMask = 2147483647;
			files = (
				63A713A221BC39E7000A9097 /* SignInViewController.swift in Sources */,
				63A7147921BC507F000A9097 /* MFMailComposeViewController+Promise.swift in Sources */,
				63A7139F21BC39E7000A9097 /* etc.swift in Sources */,
				63A7139921BC39E7000A9097 /* ReposViewController.swift in Sources */,
				63A713A121BC39E7000A9097 /* AccountViewController.swift in Sources */,
				63A7139821BC39E7000A9097 /* SubscribeViewController.swift in Sources */,
				63A713A021BC39E7000A9097 /* AppDelegate.swift in Sources */,
				63A7139A21BC39E7000A9097 /* RepoViewController.swift in Sources */,
			);
			runOnlyForDeploymentPostprocessing = 0;
		};
		OBJ_24 /* Sources */ = {
			isa = PBXSourcesBuildPhase;
			buildActionMask = 0;
			files = (
				63A7136321BC3951000A9097 /* App+NSApplicationDelegate.swift in Sources */,
				63A7136521BC3951000A9097 /* App.swift in Sources */,
				63A7136921BC3951000A9097 /* ReposViewController.swift in Sources */,
				63A7136421BC3951000A9097 /* SignInViewController.swift in Sources */,
				63A7137021BC3951000A9097 /* ReposViewController+Types.swift in Sources */,
				63A7136721BC3951000A9097 /* SubscribeViewController.swift in Sources */,
				63A7136B21BC3951000A9097 /* ReposViewController+OutlineView.swift in Sources */,
				63A7136D21BC3951000A9097 /* ConfigureEnrollmentViewController.swift in Sources */,
				63A7136F21BC3951000A9097 /* etc.swift in Sources */,
				63A7136821BC3951000A9097 /* App+UserNotifications.swift in Sources */,
			);
			runOnlyForDeploymentPostprocessing = 0;
		};
/* End PBXSourcesBuildPhase section */

/* Begin PBXTargetDependency section */
		6357C25D221F0B9300F058BC /* PBXTargetDependency */ = {
			isa = PBXTargetDependency;
			name = Cake;
			targetProxy = 6357C25C221F0B9300F058BC /* PBXContainerItemProxy */;
		};
		6357C25F221F0B9B00F058BC /* PBXTargetDependency */ = {
			isa = PBXTargetDependency;
			name = Cake;
			targetProxy = 6357C25E221F0B9B00F058BC /* PBXContainerItemProxy */;
		};
/* End PBXTargetDependency section */

/* Begin XCBuildConfiguration section */
		63A7138621BC39BB000A9097 /* Debug */ = {
			isa = XCBuildConfiguration;
			buildSettings = {
				ALWAYS_SEARCH_USER_PATHS = NO;
				ASSETCATALOG_COMPILER_APPICON_NAME = AppIcon;
				CLANG_ANALYZER_NONNULL = YES;
				CLANG_ANALYZER_NUMBER_OBJECT_CONVERSION = YES_AGGRESSIVE;
				CLANG_CXX_LANGUAGE_STANDARD = "gnu++14";
				CLANG_CXX_LIBRARY = "libc++";
				CLANG_ENABLE_MODULES = YES;
				CLANG_ENABLE_OBJC_ARC = YES;
				CLANG_WARN_DIRECT_OBJC_ISA_USAGE = YES_ERROR;
				CLANG_WARN_DOCUMENTATION_COMMENTS = YES;
				CLANG_WARN_OBJC_ROOT_CLASS = YES_ERROR;
				CLANG_WARN_UNGUARDED_AVAILABILITY = YES_AGGRESSIVE;
				CODE_SIGN_ENTITLEMENTS = Sources/UIKit/UIKit.entitlements;
				CODE_SIGN_IDENTITY = "iPhone Developer";
				CODE_SIGN_STYLE = Automatic;
				DEVELOPMENT_TEAM = TEQMQBRC7B;
				GCC_C_LANGUAGE_STANDARD = gnu11;
				GCC_DYNAMIC_NO_PIC = NO;
				GCC_PREPROCESSOR_DEFINITIONS = (
					"DEBUG=1",
					"$(inherited)",
				);
				GCC_WARN_ABOUT_RETURN_TYPE = YES_ERROR;
				GCC_WARN_UNINITIALIZED_AUTOS = YES_AGGRESSIVE;
				INFOPLIST_FILE = "$(SRCROOT)/Sources/UIKit/App-iOS-Info.plist";
				LD_RUNPATH_SEARCH_PATHS = "$(inherited) @executable_path/Frameworks";
				MTL_ENABLE_DEBUG_INFO = INCLUDE_SOURCE;
				MTL_FAST_MATH = YES;
				PRODUCT_BUNDLE_IDENTIFIER = com.codebasesaga.iOS.Canopy;
				PRODUCT_NAME = Canopy;
				SDKROOT = iphoneos;
				SUPPORTED_PLATFORMS = "iphonesimulator iphoneos";
				SWIFT_ACTIVE_COMPILATION_CONDITIONS = DEBUG;
				SWIFT_VERSION = 4.2;
				TARGETED_DEVICE_FAMILY = "1,2";
			};
			name = Debug;
		};
		63A7138721BC39BB000A9097 /* Release */ = {
			isa = XCBuildConfiguration;
			buildSettings = {
				ALWAYS_SEARCH_USER_PATHS = NO;
				ASSETCATALOG_COMPILER_APPICON_NAME = AppIcon;
				CLANG_ANALYZER_NONNULL = YES;
				CLANG_ANALYZER_NUMBER_OBJECT_CONVERSION = YES_AGGRESSIVE;
				CLANG_CXX_LANGUAGE_STANDARD = "gnu++14";
				CLANG_CXX_LIBRARY = "libc++";
				CLANG_ENABLE_MODULES = YES;
				CLANG_ENABLE_OBJC_ARC = YES;
				CLANG_WARN_DIRECT_OBJC_ISA_USAGE = YES_ERROR;
				CLANG_WARN_DOCUMENTATION_COMMENTS = YES;
				CLANG_WARN_OBJC_ROOT_CLASS = YES_ERROR;
				CLANG_WARN_UNGUARDED_AVAILABILITY = YES_AGGRESSIVE;
				CODE_SIGN_ENTITLEMENTS = Sources/UIKit/UIKit.entitlements;
				CODE_SIGN_IDENTITY = "iPhone Developer";
				CODE_SIGN_STYLE = Automatic;
				COPY_PHASE_STRIP = NO;
				DEVELOPMENT_TEAM = TEQMQBRC7B;
				ENABLE_NS_ASSERTIONS = NO;
				GCC_C_LANGUAGE_STANDARD = gnu11;
				GCC_WARN_ABOUT_RETURN_TYPE = YES_ERROR;
				GCC_WARN_UNINITIALIZED_AUTOS = YES_AGGRESSIVE;
				INFOPLIST_FILE = "$(SRCROOT)/Sources/UIKit/App-iOS-Info.plist";
				LD_RUNPATH_SEARCH_PATHS = "$(inherited) @executable_path/Frameworks";
				MTL_ENABLE_DEBUG_INFO = NO;
				MTL_FAST_MATH = YES;
				PRODUCT_BUNDLE_IDENTIFIER = com.codebasesaga.iOS.Canopy;
				PRODUCT_NAME = Canopy;
				SDKROOT = iphoneos;
				SUPPORTED_PLATFORMS = "iphonesimulator iphoneos";
				SWIFT_VERSION = 4.2;
				TARGETED_DEVICE_FAMILY = "1,2";
				VALIDATE_PRODUCT = YES;
			};
			name = Release;
		};
		OBJ_22 /* Debug */ = {
			isa = XCBuildConfiguration;
			buildSettings = {
				ALWAYS_EMBED_SWIFT_STANDARD_LIBRARIES = YES;
				ASSETCATALOG_COMPILER_APPICON_NAME = AppIcon;
				CODE_SIGN_ENTITLEMENTS = Sources/AppKit/AppKit.entitlements;
				CODE_SIGN_IDENTITY = "Mac Developer";
				CODE_SIGN_STYLE = Automatic;
				DEVELOPMENT_TEAM = TEQMQBRC7B;
				ENABLE_HARDENED_RUNTIME = YES;
				INFOPLIST_FILE = "Sources/AppKit/App-macOS-Info.plist";
				LD_RUNPATH_SEARCH_PATHS = "$(inherited) @executable_path/../Frameworks";
				PRODUCT_BUNDLE_IDENTIFIER = com.codebasesaga.macOS.Canopy;
				PRODUCT_MODULE_NAME = App;
				PRODUCT_NAME = Canopy;
				PROVISIONING_PROFILE_SPECIFIER = "";
				SWIFT_VERSION = 4.2;
			};
			name = Debug;
		};
		OBJ_23 /* Release */ = {
			isa = XCBuildConfiguration;
			buildSettings = {
				ALWAYS_EMBED_SWIFT_STANDARD_LIBRARIES = YES;
				ASSETCATALOG_COMPILER_APPICON_NAME = AppIcon;
				CODE_SIGN_ENTITLEMENTS = Sources/AppKit/AppKit.entitlements;
				CODE_SIGN_IDENTITY = "Mac Developer";
				CODE_SIGN_STYLE = Automatic;
				DEVELOPMENT_TEAM = TEQMQBRC7B;
				ENABLE_HARDENED_RUNTIME = YES;
				INFOPLIST_FILE = "Sources/AppKit/App-macOS-Info.plist";
				LD_RUNPATH_SEARCH_PATHS = "$(inherited) @executable_path/../Frameworks";
				PRODUCT_BUNDLE_IDENTIFIER = com.codebasesaga.macOS.Canopy;
				PRODUCT_MODULE_NAME = App;
				PRODUCT_NAME = Canopy;
				PROVISIONING_PROFILE_SPECIFIER = "";
				SWIFT_VERSION = 4.2;
			};
			name = Release;
		};
		OBJ_3 /* Debug */ = {
			isa = XCBuildConfiguration;
			baseConfigurationReference = 6351783D2220490200C5AA5D /* Cake.xcconfig */;
			buildSettings = {
				CLANG_ENABLE_OBJC_WEAK = YES;
				CLANG_WARN_BLOCK_CAPTURE_AUTORELEASING = YES;
				CLANG_WARN_BOOL_CONVERSION = YES;
				CLANG_WARN_COMMA = YES;
				CLANG_WARN_CONSTANT_CONVERSION = YES;
				CLANG_WARN_DEPRECATED_OBJC_IMPLEMENTATIONS = YES;
				CLANG_WARN_EMPTY_BODY = YES;
				CLANG_WARN_ENUM_CONVERSION = YES;
				CLANG_WARN_INFINITE_RECURSION = YES;
				CLANG_WARN_INT_CONVERSION = YES;
				CLANG_WARN_NON_LITERAL_NULL_CONVERSION = YES;
				CLANG_WARN_OBJC_IMPLICIT_RETAIN_SELF = YES;
				CLANG_WARN_OBJC_LITERAL_CONVERSION = YES;
				CLANG_WARN_RANGE_LOOP_ANALYSIS = YES;
				CLANG_WARN_STRICT_PROTOTYPES = YES;
				CLANG_WARN_SUSPICIOUS_MOVE = YES;
				CLANG_WARN_UNREACHABLE_CODE = YES;
				CLANG_WARN__DUPLICATE_METHOD_MATCH = YES;
				COMBINE_HIDPI_IMAGES = YES;
				COPY_PHASE_STRIP = NO;
				DEBUG_INFORMATION_FORMAT = dwarf;
				ENABLE_NS_ASSERTIONS = YES;
				ENABLE_STRICT_OBJC_MSGSEND = YES;
				ENABLE_TESTABILITY = YES;
				GCC_NO_COMMON_BLOCKS = YES;
				GCC_OPTIMIZATION_LEVEL = 0;
				GCC_WARN_64_TO_32_BIT_CONVERSION = YES;
				GCC_WARN_ABOUT_RETURN_TYPE = YES;
				GCC_WARN_UNDECLARED_SELECTOR = YES;
				GCC_WARN_UNINITIALIZED_AUTOS = YES;
				GCC_WARN_UNUSED_FUNCTION = YES;
				GCC_WARN_UNUSED_VARIABLE = YES;
				IPHONEOS_DEPLOYMENT_TARGET = 11.4;
				MACOSX_DEPLOYMENT_TARGET = 10.13.2;
				ONLY_ACTIVE_ARCH = YES;
				PRODUCT_NAME = "$(TARGET_NAME)";
				SDKROOT = macosx;
				SUPPORTED_PLATFORMS = macosx;
				SWIFT_ACTIVE_COMPILATION_CONDITIONS = "$(inherited) DEBUG";
				SWIFT_OPTIMIZATION_LEVEL = "-Onone";
				USE_HEADERMAP = NO;
			};
			name = Debug;
		};
		OBJ_4 /* Release */ = {
			isa = XCBuildConfiguration;
			baseConfigurationReference = 6351783D2220490200C5AA5D /* Cake.xcconfig */;
			buildSettings = {
				CLANG_ENABLE_OBJC_WEAK = YES;
				CLANG_WARN_BLOCK_CAPTURE_AUTORELEASING = YES;
				CLANG_WARN_BOOL_CONVERSION = YES;
				CLANG_WARN_COMMA = YES;
				CLANG_WARN_CONSTANT_CONVERSION = YES;
				CLANG_WARN_DEPRECATED_OBJC_IMPLEMENTATIONS = YES;
				CLANG_WARN_EMPTY_BODY = YES;
				CLANG_WARN_ENUM_CONVERSION = YES;
				CLANG_WARN_INFINITE_RECURSION = YES;
				CLANG_WARN_INT_CONVERSION = YES;
				CLANG_WARN_NON_LITERAL_NULL_CONVERSION = YES;
				CLANG_WARN_OBJC_IMPLICIT_RETAIN_SELF = YES;
				CLANG_WARN_OBJC_LITERAL_CONVERSION = YES;
				CLANG_WARN_RANGE_LOOP_ANALYSIS = YES;
				CLANG_WARN_STRICT_PROTOTYPES = YES;
				CLANG_WARN_SUSPICIOUS_MOVE = YES;
				CLANG_WARN_UNREACHABLE_CODE = YES;
				CLANG_WARN__DUPLICATE_METHOD_MATCH = YES;
				COMBINE_HIDPI_IMAGES = YES;
				COPY_PHASE_STRIP = YES;
				DEBUG_INFORMATION_FORMAT = "dwarf-with-dsym";
				ENABLE_STRICT_OBJC_MSGSEND = YES;
				GCC_NO_COMMON_BLOCKS = YES;
				GCC_OPTIMIZATION_LEVEL = s;
				GCC_WARN_64_TO_32_BIT_CONVERSION = YES;
				GCC_WARN_ABOUT_RETURN_TYPE = YES;
				GCC_WARN_UNDECLARED_SELECTOR = YES;
				GCC_WARN_UNINITIALIZED_AUTOS = YES;
				GCC_WARN_UNUSED_FUNCTION = YES;
				GCC_WARN_UNUSED_VARIABLE = YES;
				IPHONEOS_DEPLOYMENT_TARGET = 11.4;
				MACOSX_DEPLOYMENT_TARGET = 10.13.2;
				PRODUCT_NAME = "$(TARGET_NAME)";
				SDKROOT = macosx;
				SUPPORTED_PLATFORMS = macosx;
				SWIFT_ACTIVE_COMPILATION_CONDITIONS = Cake;
				SWIFT_OPTIMIZATION_LEVEL = "-Owholemodule";
				USE_HEADERMAP = NO;
			};
			name = Release;
		};
/* End XCBuildConfiguration section */

/* Begin XCConfigurationList section */
		63A7138521BC39BB000A9097 /* Build configuration list for PBXNativeTarget "Canopy.UIKit" */ = {
			isa = XCConfigurationList;
			buildConfigurations = (
				63A7138621BC39BB000A9097 /* Debug */,
				63A7138721BC39BB000A9097 /* Release */,
			);
			defaultConfigurationIsVisible = 0;
			defaultConfigurationName = Release;
		};
		OBJ_2 /* Build configuration list for PBXProject "Canopy" */ = {
			isa = XCConfigurationList;
			buildConfigurations = (
				OBJ_3 /* Debug */,
				OBJ_4 /* Release */,
			);
			defaultConfigurationIsVisible = 0;
			defaultConfigurationName = Release;
		};
		OBJ_21 /* Build configuration list for PBXNativeTarget "Canopy.AppKit" */ = {
			isa = XCConfigurationList;
			buildConfigurations = (
				OBJ_22 /* Debug */,
				OBJ_23 /* Release */,
			);
			defaultConfigurationIsVisible = 0;
			defaultConfigurationName = Release;
		};
/* End XCConfigurationList section */
	};
	rootObject = OBJ_1 /* Project object */;
}
